
Microsoft Visual Studio Solution File, Format Version 12.00
# Visual Studio Version 16
VisualStudioVersion = 16.0.31112.23
MinimumVisualStudioVersion = 10.0.40219.1
Project("{8BC9CEB8-8B4A-11D0-8D11-00A0C91BC942}") = "ImGuiExtension", "ImGuiExtension\ImGuiExtension.vcxproj", "{39993BD0-A7D4-444D-8BD3-7A0046EC779A}"
EndProject
Global
	GlobalSection(SolutionConfigurationPlatforms) = preSolution
		Debug|x64 = Debug|x64
		Release|x64 = Release|x64
	EndGlobalSection
	GlobalSection(ProjectConfigurationPlatforms) = postSolution
		{39993BD0-A7D4-444D-8BD3-7A0046EC779A}.Debug|x64.ActiveCfg = Debug|x64
		{39993BD0-A7D4-444D-8BD3-7A0046EC779A}.Debug|x64.Build.0 = Debug|x64
		{39993BD0-A7D4-444D-8BD3-7A0046EC779A}.Release|x64.ActiveCfg = Release|x64
		{39993BD0-A7D4-444D-8BD3-7A0046EC779A}.Release|x64.Build.0 = Release|x64
	EndGlobalSection
	GlobalSection(SolutionProperties) = preSolution
		HideSolutionNode = FALSE
	EndGlobalSection
	GlobalSection(ExtensibilityGlobals) = postSolution
		SolutionGuid = {39151355-DE4B-4A81-93AE-424AAF567E5B}
	EndGlobalSection
EndGlobal
